{
  "name": "here",
  "lockfileVersion": 2,
  "requires": true,
  "packages": {
    "": {
      "dependencies": {
        "node-email-validation": "^1.0.4"
      }
    },
    "node_modules/node-email-validation": {
      "version": "1.0.4",
      "resolved": "https://registry.npmjs.org/node-email-validation/-/node-email-validation-1.0.4.tgz",
      "integrity": "sha512-lzH6b0HqyQ/eSiCqpGf1S/xx6y+1KiW6Oo/rmPKx3gQZXaDPodW0Eb3mF2N7LSBWU39SbuhosqcLmbx+Y67aog==",
      "engines": {
        "node": ">4.0"
      }
    }
  },
  "dependencies": {
    "node-email-validation": {
      "version": "1.0.4",
      "resolved": "https://registry.npmjs.org/node-email-validation/-/node-email-validation-1.0.4.tgz",
      "integrity": "sha512-lzH6b0HqyQ/eSiCqpGf1S/xx6y+1KiW6Oo/rmPKx3gQZXaDPodW0Eb3mF2N7LSBWU39SbuhosqcLmbx+Y67aog=="
    }
  }
}
